
Microsoft Visual Studio Solution File, Format Version 12.00
# Visual Studio Version 17
VisualStudioVersion = 17.10.35122.118
MinimumVisualStudioVersion = 10.0.40219.1
Project("{2150E333-8FDC-42A3-9474-1A3956D46DE8}") = "02 Bussines", "02 Bussines", "{1A73BC97-5158-42F2-BD65-07F71ACBABF4}"
EndProject
Project("{2150E333-8FDC-42A3-9474-1A3956D46DE8}") = "03 Services", "03 Services", "{F7077410-5907-48F5-9D4C-E6BEDF6430E0}"
EndProject
Project("{2150E333-8FDC-42A3-9474-1A3956D46DE8}") = "04 Repository", "04 Repository", "{C50CB541-A960-4FEF-A837-E4DF69DC9755}"
EndProject
Project("{2150E333-8FDC-42A3-9474-1A3956D46DE8}") = "05 Model", "05 Model", "{C1D9B96F-F3D6-4EA2-B9E6-83AD307CA2D1}"
EndProject
Project("{2150E333-8FDC-42A3-9474-1A3956D46DE8}") = "06 Util", "06 Util", "{2AA088C5-AAF6-445B-9E23-94BCD607C10C}"
EndProject
Project("{2150E333-8FDC-42A3-9474-1A3956D46DE8}") = "10 Anotaciones", "10 Anotaciones", "{235EEA4B-3C92-4E82-8395-5C9BA123B9A7}"
	ProjectSection(SolutionItems) = preProject
		MapeoBasedeDatos.txt = MapeoBasedeDatos.txt
	EndProjectSection
EndProject
Project("{9A19103F-16F7-4668-BE54-9A1E7A4F7556}") = "UtilSecurity", "UtilSecurity\UtilSecurity.csproj", "{1D509E48-F9B3-48E2-8EF9-469B10753F45}"
EndProject
Project("{9A19103F-16F7-4668-BE54-9A1E7A4F7556}") = "Constantes", "Constantes\Constantes.csproj", "{53375246-9082-4B8D-ABFD-F5A54FCD2A24}"
EndProject
Project("{9A19103F-16F7-4668-BE54-9A1E7A4F7556}") = "UtilInterface", "UtilInterface\UtilInterface.csproj", "{A70D1301-9852-4357-A7B0-6938E0154606}"
EndProject
Project("{9A19103F-16F7-4668-BE54-9A1E7A4F7556}") = "UtilMapper", "UtilMapper\UtilMapper.csproj", "{7D4973AB-2423-488C-87E8-4A8C6D8A34EC}"
	ProjectSection(ProjectDependencies) = postProject
		{6A72E069-A993-45A2-A526-7501DF063A4F} = {6A72E069-A993-45A2-A526-7501DF063A4F}
		{E9CD7CAA-B214-4DCB-8A05-EA7BAD491FF3} = {E9CD7CAA-B214-4DCB-8A05-EA7BAD491FF3}
	EndProjectSection
EndProject
Project("{9A19103F-16F7-4668-BE54-9A1E7A4F7556}") = "DBModel", "DBModel\DBModel.csproj", "{E9CD7CAA-B214-4DCB-8A05-EA7BAD491FF3}"
EndProject
Project("{9A19103F-16F7-4668-BE54-9A1E7A4F7556}") = "Models", "Models\Models.csproj", "{6A72E069-A993-45A2-A526-7501DF063A4F}"
	ProjectSection(ProjectDependencies) = postProject
		{53375246-9082-4B8D-ABFD-F5A54FCD2A24} = {53375246-9082-4B8D-ABFD-F5A54FCD2A24}
	EndProjectSection
EndProject
Project("{9A19103F-16F7-4668-BE54-9A1E7A4F7556}") = "IRepository", "IRepository\IRepository.csproj", "{084B28B2-AFDF-4B24-9562-6D0937435B49}"
	ProjectSection(ProjectDependencies) = postProject
		{6A72E069-A993-45A2-A526-7501DF063A4F} = {6A72E069-A993-45A2-A526-7501DF063A4F}
		{A70D1301-9852-4357-A7B0-6938E0154606} = {A70D1301-9852-4357-A7B0-6938E0154606}
		{E9CD7CAA-B214-4DCB-8A05-EA7BAD491FF3} = {E9CD7CAA-B214-4DCB-8A05-EA7BAD491FF3}
	EndProjectSection
EndProject
Project("{9A19103F-16F7-4668-BE54-9A1E7A4F7556}") = "Repository", "Repository\Repository.csproj", "{C469970C-437F-4749-8569-EC0891AAAEDD}"
	ProjectSection(ProjectDependencies) = postProject
		{084B28B2-AFDF-4B24-9562-6D0937435B49} = {084B28B2-AFDF-4B24-9562-6D0937435B49}
		{53375246-9082-4B8D-ABFD-F5A54FCD2A24} = {53375246-9082-4B8D-ABFD-F5A54FCD2A24}
		{6A72E069-A993-45A2-A526-7501DF063A4F} = {6A72E069-A993-45A2-A526-7501DF063A4F}
		{E9CD7CAA-B214-4DCB-8A05-EA7BAD491FF3} = {E9CD7CAA-B214-4DCB-8A05-EA7BAD491FF3}
	EndProjectSection
EndProject
Project("{9A19103F-16F7-4668-BE54-9A1E7A4F7556}") = "IService", "IService\IService.csproj", "{06189A50-F403-457B-B017-945D4166C481}"
	ProjectSection(ProjectDependencies) = postProject
		{6A72E069-A993-45A2-A526-7501DF063A4F} = {6A72E069-A993-45A2-A526-7501DF063A4F}
	EndProjectSection
EndProject
Project("{9A19103F-16F7-4668-BE54-9A1E7A4F7556}") = "Service", "Service\Service.csproj", "{7672BE55-229B-42B3-968E-FA840A35D106}"
	ProjectSection(ProjectDependencies) = postProject
		{06189A50-F403-457B-B017-945D4166C481} = {06189A50-F403-457B-B017-945D4166C481}
		{6A72E069-A993-45A2-A526-7501DF063A4F} = {6A72E069-A993-45A2-A526-7501DF063A4F}
	EndProjectSection
EndProject
Project("{9A19103F-16F7-4668-BE54-9A1E7A4F7556}") = "IBussines", "IBussines\IBussines.csproj", "{E501BE50-B949-45E9-8121-2C8F116DD277}"
	ProjectSection(ProjectDependencies) = postProject
		{6A72E069-A993-45A2-A526-7501DF063A4F} = {6A72E069-A993-45A2-A526-7501DF063A4F}
		{A70D1301-9852-4357-A7B0-6938E0154606} = {A70D1301-9852-4357-A7B0-6938E0154606}
		{E9CD7CAA-B214-4DCB-8A05-EA7BAD491FF3} = {E9CD7CAA-B214-4DCB-8A05-EA7BAD491FF3}
	EndProjectSection
EndProject
Project("{9A19103F-16F7-4668-BE54-9A1E7A4F7556}") = "Bussines", "Bussines\Bussines.csproj", "{DA99CF4D-4347-48DB-A3E2-E823F594F8A4}"
	ProjectSection(ProjectDependencies) = postProject
		{06189A50-F403-457B-B017-945D4166C481} = {06189A50-F403-457B-B017-945D4166C481}
		{084B28B2-AFDF-4B24-9562-6D0937435B49} = {084B28B2-AFDF-4B24-9562-6D0937435B49}
		{1D509E48-F9B3-48E2-8EF9-469B10753F45} = {1D509E48-F9B3-48E2-8EF9-469B10753F45}
		{53375246-9082-4B8D-ABFD-F5A54FCD2A24} = {53375246-9082-4B8D-ABFD-F5A54FCD2A24}
		{6A72E069-A993-45A2-A526-7501DF063A4F} = {6A72E069-A993-45A2-A526-7501DF063A4F}
		{7672BE55-229B-42B3-968E-FA840A35D106} = {7672BE55-229B-42B3-968E-FA840A35D106}
		{7D4973AB-2423-488C-87E8-4A8C6D8A34EC} = {7D4973AB-2423-488C-87E8-4A8C6D8A34EC}
		{A70D1301-9852-4357-A7B0-6938E0154606} = {A70D1301-9852-4357-A7B0-6938E0154606}
		{C469970C-437F-4749-8569-EC0891AAAEDD} = {C469970C-437F-4749-8569-EC0891AAAEDD}
		{E501BE50-B949-45E9-8121-2C8F116DD277} = {E501BE50-B949-45E9-8121-2C8F116DD277}
	EndProjectSection
EndProject
Project("{2150E333-8FDC-42A3-9474-1A3956D46DE8}") = "01 API", "01 API", "{424F40A2-E696-49DE-8868-3F830F919C48}"
EndProject
Project("{9A19103F-16F7-4668-BE54-9A1E7A4F7556}") = "API", "API\API.csproj", "{80046D65-F8C2-4072-80D0-3BCB1D5BD265}"
	ProjectSection(ProjectDependencies) = postProject
		{1D509E48-F9B3-48E2-8EF9-469B10753F45} = {1D509E48-F9B3-48E2-8EF9-469B10753F45}
		{53375246-9082-4B8D-ABFD-F5A54FCD2A24} = {53375246-9082-4B8D-ABFD-F5A54FCD2A24}
		{6A72E069-A993-45A2-A526-7501DF063A4F} = {6A72E069-A993-45A2-A526-7501DF063A4F}
		{7D4973AB-2423-488C-87E8-4A8C6D8A34EC} = {7D4973AB-2423-488C-87E8-4A8C6D8A34EC}
		{DA99CF4D-4347-48DB-A3E2-E823F594F8A4} = {DA99CF4D-4347-48DB-A3E2-E823F594F8A4}
		{E501BE50-B949-45E9-8121-2C8F116DD277} = {E501BE50-B949-45E9-8121-2C8F116DD277}
	EndProjectSection
EndProject
Global
	GlobalSection(SolutionConfigurationPlatforms) = preSolution
		Debug|Any CPU = Debug|Any CPU
		Release|Any CPU = Release|Any CPU
	EndGlobalSection
	GlobalSection(ProjectConfigurationPlatforms) = postSolution
		{1D509E48-F9B3-48E2-8EF9-469B10753F45}.Debug|Any CPU.ActiveCfg = Debug|Any CPU
		{1D509E48-F9B3-48E2-8EF9-469B10753F45}.Debug|Any CPU.Build.0 = Debug|Any CPU
		{1D509E48-F9B3-48E2-8EF9-469B10753F45}.Release|Any CPU.ActiveCfg = Release|Any CPU
		{1D509E48-F9B3-48E2-8EF9-469B10753F45}.Release|Any CPU.Build.0 = Release|Any CPU
		{53375246-9082-4B8D-ABFD-F5A54FCD2A24}.Debug|Any CPU.ActiveCfg = Debug|Any CPU
		{53375246-9082-4B8D-ABFD-F5A54FCD2A24}.Debug|Any CPU.Build.0 = Debug|Any CPU
		{53375246-9082-4B8D-ABFD-F5A54FCD2A24}.Release|Any CPU.ActiveCfg = Release|Any CPU
		{53375246-9082-4B8D-ABFD-F5A54FCD2A24}.Release|Any CPU.Build.0 = Release|Any CPU
		{A70D1301-9852-4357-A7B0-6938E0154606}.Debug|Any CPU.ActiveCfg = Debug|Any CPU
		{A70D1301-9852-4357-A7B0-6938E0154606}.Debug|Any CPU.Build.0 = Debug|Any CPU
		{A70D1301-9852-4357-A7B0-6938E0154606}.Release|Any CPU.ActiveCfg = Release|Any CPU
		{A70D1301-9852-4357-A7B0-6938E0154606}.Release|Any CPU.Build.0 = Release|Any CPU
		{7D4973AB-2423-488C-87E8-4A8C6D8A34EC}.Debug|Any CPU.ActiveCfg = Debug|Any CPU
		{7D4973AB-2423-488C-87E8-4A8C6D8A34EC}.Debug|Any CPU.Build.0 = Debug|Any CPU
		{7D4973AB-2423-488C-87E8-4A8C6D8A34EC}.Release|Any CPU.ActiveCfg = Release|Any CPU
		{7D4973AB-2423-488C-87E8-4A8C6D8A34EC}.Release|Any CPU.Build.0 = Release|Any CPU
		{E9CD7CAA-B214-4DCB-8A05-EA7BAD491FF3}.Debug|Any CPU.ActiveCfg = Debug|Any CPU
		{E9CD7CAA-B214-4DCB-8A05-EA7BAD491FF3}.Debug|Any CPU.Build.0 = Debug|Any CPU
		{E9CD7CAA-B214-4DCB-8A05-EA7BAD491FF3}.Release|Any CPU.ActiveCfg = Release|Any CPU
		{E9CD7CAA-B214-4DCB-8A05-EA7BAD491FF3}.Release|Any CPU.Build.0 = Release|Any CPU
		{6A72E069-A993-45A2-A526-7501DF063A4F}.Debug|Any CPU.ActiveCfg = Debug|Any CPU
		{6A72E069-A993-45A2-A526-7501DF063A4F}.Debug|Any CPU.Build.0 = Debug|Any CPU
		{6A72E069-A993-45A2-A526-7501DF063A4F}.Release|Any CPU.ActiveCfg = Release|Any CPU
		{6A72E069-A993-45A2-A526-7501DF063A4F}.Release|Any CPU.Build.0 = Release|Any CPU
		{084B28B2-AFDF-4B24-9562-6D0937435B49}.Debug|Any CPU.ActiveCfg = Debug|Any CPU
		{084B28B2-AFDF-4B24-9562-6D0937435B49}.Debug|Any CPU.Build.0 = Debug|Any CPU
		{084B28B2-AFDF-4B24-9562-6D0937435B49}.Release|Any CPU.ActiveCfg = Release|Any CPU
		{084B28B2-AFDF-4B24-9562-6D0937435B49}.Release|Any CPU.Build.0 = Release|Any CPU
		{C469970C-437F-4749-8569-EC0891AAAEDD}.Debug|Any CPU.ActiveCfg = Debug|Any CPU
		{C469970C-437F-4749-8569-EC0891AAAEDD}.Debug|Any CPU.Build.0 = Debug|Any CPU
		{C469970C-437F-4749-8569-EC0891AAAEDD}.Release|Any CPU.ActiveCfg = Release|Any CPU
		{C469970C-437F-4749-8569-EC0891AAAEDD}.Release|Any CPU.Build.0 = Release|Any CPU
		{06189A50-F403-457B-B017-945D4166C481}.Debug|Any CPU.ActiveCfg = Debug|Any CPU
		{06189A50-F403-457B-B017-945D4166C481}.Debug|Any CPU.Build.0 = Debug|Any CPU
		{06189A50-F403-457B-B017-945D4166C481}.Release|Any CPU.ActiveCfg = Release|Any CPU
		{06189A50-F403-457B-B017-945D4166C481}.Release|Any CPU.Build.0 = Release|Any CPU
		{7672BE55-229B-42B3-968E-FA840A35D106}.Debug|Any CPU.ActiveCfg = Debug|Any CPU
		{7672BE55-229B-42B3-968E-FA840A35D106}.Debug|Any CPU.Build.0 = Debug|Any CPU
		{7672BE55-229B-42B3-968E-FA840A35D106}.Release|Any CPU.ActiveCfg = Release|Any CPU
		{7672BE55-229B-42B3-968E-FA840A35D106}.Release|Any CPU.Build.0 = Release|Any CPU
		{E501BE50-B949-45E9-8121-2C8F116DD277}.Debug|Any CPU.ActiveCfg = Debug|Any CPU
		{E501BE50-B949-45E9-8121-2C8F116DD277}.Debug|Any CPU.Build.0 = Debug|Any CPU
		{E501BE50-B949-45E9-8121-2C8F116DD277}.Release|Any CPU.ActiveCfg = Release|Any CPU
		{E501BE50-B949-45E9-8121-2C8F116DD277}.Release|Any CPU.Build.0 = Release|Any CPU
		{DA99CF4D-4347-48DB-A3E2-E823F594F8A4}.Debug|Any CPU.ActiveCfg = Debug|Any CPU
		{DA99CF4D-4347-48DB-A3E2-E823F594F8A4}.Debug|Any CPU.Build.0 = Debug|Any CPU
		{DA99CF4D-4347-48DB-A3E2-E823F594F8A4}.Release|Any CPU.ActiveCfg = Release|Any CPU
		{DA99CF4D-4347-48DB-A3E2-E823F594F8A4}.Release|Any CPU.Build.0 = Release|Any CPU
		{80046D65-F8C2-4072-80D0-3BCB1D5BD265}.Debug|Any CPU.ActiveCfg = Debug|Any CPU
		{80046D65-F8C2-4072-80D0-3BCB1D5BD265}.Debug|Any CPU.Build.0 = Debug|Any CPU
		{80046D65-F8C2-4072-80D0-3BCB1D5BD265}.Release|Any CPU.ActiveCfg = Release|Any CPU
		{80046D65-F8C2-4072-80D0-3BCB1D5BD265}.Release|Any CPU.Build.0 = Release|Any CPU
	EndGlobalSection
	GlobalSection(SolutionProperties) = preSolution
		HideSolutionNode = FALSE
	EndGlobalSection
	GlobalSection(NestedProjects) = preSolution
		{1D509E48-F9B3-48E2-8EF9-469B10753F45} = {2AA088C5-AAF6-445B-9E23-94BCD607C10C}
		{53375246-9082-4B8D-ABFD-F5A54FCD2A24} = {2AA088C5-AAF6-445B-9E23-94BCD607C10C}
		{A70D1301-9852-4357-A7B0-6938E0154606} = {2AA088C5-AAF6-445B-9E23-94BCD607C10C}
		{7D4973AB-2423-488C-87E8-4A8C6D8A34EC} = {2AA088C5-AAF6-445B-9E23-94BCD607C10C}
		{E9CD7CAA-B214-4DCB-8A05-EA7BAD491FF3} = {C1D9B96F-F3D6-4EA2-B9E6-83AD307CA2D1}
		{6A72E069-A993-45A2-A526-7501DF063A4F} = {C1D9B96F-F3D6-4EA2-B9E6-83AD307CA2D1}
		{084B28B2-AFDF-4B24-9562-6D0937435B49} = {C50CB541-A960-4FEF-A837-E4DF69DC9755}
		{C469970C-437F-4749-8569-EC0891AAAEDD} = {C50CB541-A960-4FEF-A837-E4DF69DC9755}
		{06189A50-F403-457B-B017-945D4166C481} = {F7077410-5907-48F5-9D4C-E6BEDF6430E0}
		{7672BE55-229B-42B3-968E-FA840A35D106} = {F7077410-5907-48F5-9D4C-E6BEDF6430E0}
		{E501BE50-B949-45E9-8121-2C8F116DD277} = {1A73BC97-5158-42F2-BD65-07F71ACBABF4}
		{DA99CF4D-4347-48DB-A3E2-E823F594F8A4} = {1A73BC97-5158-42F2-BD65-07F71ACBABF4}
		{80046D65-F8C2-4072-80D0-3BCB1D5BD265} = {424F40A2-E696-49DE-8868-3F830F919C48}
	EndGlobalSection
	GlobalSection(ExtensibilityGlobals) = postSolution
		SolutionGuid = {6C89B61B-72EB-45BD-8E41-8B2852D7E540}
	EndGlobalSection
EndGlobal
